{
  "version": 4,
  "terraform_version": "1.5.4",
  "serial": 6,
  "lineage": "ebb5bad5-b30c-4b52-be5e-109fa9bec814",
  "outputs": {},
  "resources": [
    {
      "mode": "managed",
      "type": "aws_ssm_parameter",
      "name": "foo",
      "provider": "provider[\"registry.terraform.io/hashicorp/aws\"]",
      "instances": [
        {
          "schema_version": 0,
          "attributes": {
            "allowed_pattern": "",
            "arn": "arn:aws:ssm:us-east-1:046354001990:parameter/dev/auth",
            "data_type": "text",
            "description": "",
            "id": "/dev/auth",
            "insecure_value": null,
            "key_id": "",
            "name": "/dev/auth",
            "overwrite": null,
            "tags": {
              "Env": "dev"
            },
            "tags_all": {
              "Env": "dev"
            },
            "tier": "Standard",
            "type": "String",
            "value": "auth.dev.imokhonko.com",
            "version": 1
          },
          "sensitive_attributes": [],
          "private": "bnVsbA=="
        }
      ]
    }
  ],
  "check_results": null
}
